
Microsoft Visual Studio Solution File, Format Version 12.00
# Visual Studio 15
Project("{FAE04EC0-301F-11D3-BF4B-00C04F79EFBC}") = "ChemicalMVCDatabase", "ChemicalMVCDatabase.csproj", "{BE6A3414-4E15-4744-B3B7-1EEB86AC85CB}"
EndProject
Global
	GlobalSection(SolutionConfigurationPlatforms) = preSolution
		Debug|Any CPU = Debug|Any CPU
		Release|Any CPU = Release|Any CPU
	EndGlobalSection
	GlobalSection(ProjectConfigurationPlatforms) = postSolution
		{BE6A3414-4E15-4744-B3B7-1EEB86AC85CB}.Debug|Any CPU.ActiveCfg = Debug|Any CPU
		{BE6A3414-4E15-4744-B3B7-1EEB86AC85CB}.Debug|Any CPU.Build.0 = Debug|Any CPU
		{BE6A3414-4E15-4744-B3B7-1EEB86AC85CB}.Release|Any CPU.ActiveCfg = Release|Any CPU
		{BE6A3414-4E15-4744-B3B7-1EEB86AC85CB}.Release|Any CPU.Build.0 = Release|Any CPU
	EndGlobalSection
EndGlobal
